
Microsoft Visual Studio Solution File, Format Version 12.00
# Visual Studio 2013
VisualStudioVersion = 12.0.31101.0
MinimumVisualStudioVersion = 10.0.40219.1
Project("{FAE04EC0-301F-11D3-BF4B-00C04F79EFBC}") = "SudokuMVC", "SudokuMVC\SudokuMVC.csproj", "{E861248E-AA99-4A1E-B182-955EF88F6B37}"
EndProject
Project("{2150E333-8FDC-42A3-9474-1A3956D46DE8}") = "PublishScripts", "PublishScripts", "{558B29EE-B143-4E11-A510-046E5CD94C3D}"
	ProjectSection(SolutionItems) = preProject
		PublishScripts\AzureWebsitePublishModule.psm1 = PublishScripts\AzureWebsitePublishModule.psm1
		PublishScripts\Publish-WebApplicationWebsite.ps1 = PublishScripts\Publish-WebApplicationWebsite.ps1
	EndProjectSection
EndProject
Project("{2150E333-8FDC-42A3-9474-1A3956D46DE8}") = "Configurations", "Configurations", "{B0B502A7-DA83-4CEF-85D0-341E99995EC2}"
	ProjectSection(SolutionItems) = preProject
		PublishScripts\Configurations\SudokuMVC-WAWS-dev.json = PublishScripts\Configurations\SudokuMVC-WAWS-dev.json
	EndProjectSection
EndProject
Global
	GlobalSection(SolutionConfigurationPlatforms) = preSolution
		Debug|Any CPU = Debug|Any CPU
		Release|Any CPU = Release|Any CPU
	EndGlobalSection
	GlobalSection(ProjectConfigurationPlatforms) = postSolution
		{E861248E-AA99-4A1E-B182-955EF88F6B37}.Debug|Any CPU.ActiveCfg = Debug|Any CPU
		{E861248E-AA99-4A1E-B182-955EF88F6B37}.Debug|Any CPU.Build.0 = Debug|Any CPU
		{E861248E-AA99-4A1E-B182-955EF88F6B37}.Release|Any CPU.ActiveCfg = Release|Any CPU
		{E861248E-AA99-4A1E-B182-955EF88F6B37}.Release|Any CPU.Build.0 = Release|Any CPU
	EndGlobalSection
	GlobalSection(SolutionProperties) = preSolution
		HideSolutionNode = FALSE
	EndGlobalSection
	GlobalSection(NestedProjects) = preSolution
		{B0B502A7-DA83-4CEF-85D0-341E99995EC2} = {558B29EE-B143-4E11-A510-046E5CD94C3D}
	EndGlobalSection
EndGlobal
